
Microsoft Visual Studio Solution File, Format Version 12.00
# Visual Studio 15
VisualStudioVersion = 15.0.27703.1
MinimumVisualStudioVersion = 10.0.40219.1
Project("{9A19103F-16F7-4668-BE54-9A1E7A4F7556}") = "SnowMaker.Azure", "SnowMaker.Azure\SnowMaker.Azure.csproj", "{5F1C31C8-8AAD-4F3E-9192-BA43698B3326}"
EndProject
Project("{9A19103F-16F7-4668-BE54-9A1E7A4F7556}") = "SnowMaker", "SnowMaker\SnowMaker.csproj", "{87183335-B2BF-4CEC-B561-B723EA0A5385}"
EndProject
Project("{9A19103F-16F7-4668-BE54-9A1E7A4F7556}") = "UnitTests", "UnitTests\UnitTests.csproj", "{D312CACC-83CF-4104-9E07-7ABA2632F176}"
EndProject
Project("{FAE04EC0-301F-11D3-BF4B-00C04F79EFBC}") = "IntegrationTests", "IntegrationTests\IntegrationTests.csproj", "{00D7CDBC-7F07-4004-80F4-7AA4D7D9E2FE}"
EndProject
Global
	GlobalSection(SolutionConfigurationPlatforms) = preSolution
		Debug|Any CPU = Debug|Any CPU
		Release|Any CPU = Release|Any CPU
	EndGlobalSection
	GlobalSection(ProjectConfigurationPlatforms) = postSolution
		{5F1C31C8-8AAD-4F3E-9192-BA43698B3326}.Debug|Any CPU.ActiveCfg = Debug|Any CPU
		{5F1C31C8-8AAD-4F3E-9192-BA43698B3326}.Debug|Any CPU.Build.0 = Debug|Any CPU
		{5F1C31C8-8AAD-4F3E-9192-BA43698B3326}.Release|Any CPU.ActiveCfg = Release|Any CPU
		{5F1C31C8-8AAD-4F3E-9192-BA43698B3326}.Release|Any CPU.Build.0 = Release|Any CPU
		{87183335-B2BF-4CEC-B561-B723EA0A5385}.Debug|Any CPU.ActiveCfg = Debug|Any CPU
		{87183335-B2BF-4CEC-B561-B723EA0A5385}.Debug|Any CPU.Build.0 = Debug|Any CPU
		{87183335-B2BF-4CEC-B561-B723EA0A5385}.Release|Any CPU.ActiveCfg = Release|Any CPU
		{87183335-B2BF-4CEC-B561-B723EA0A5385}.Release|Any CPU.Build.0 = Release|Any CPU
		{D312CACC-83CF-4104-9E07-7ABA2632F176}.Debug|Any CPU.ActiveCfg = Debug|Any CPU
		{D312CACC-83CF-4104-9E07-7ABA2632F176}.Debug|Any CPU.Build.0 = Debug|Any CPU
		{D312CACC-83CF-4104-9E07-7ABA2632F176}.Release|Any CPU.ActiveCfg = Release|Any CPU
		{D312CACC-83CF-4104-9E07-7ABA2632F176}.Release|Any CPU.Build.0 = Release|Any CPU
		{00D7CDBC-7F07-4004-80F4-7AA4D7D9E2FE}.Debug|Any CPU.ActiveCfg = Debug|Any CPU
		{00D7CDBC-7F07-4004-80F4-7AA4D7D9E2FE}.Debug|Any CPU.Build.0 = Debug|Any CPU
		{00D7CDBC-7F07-4004-80F4-7AA4D7D9E2FE}.Release|Any CPU.ActiveCfg = Release|Any CPU
		{00D7CDBC-7F07-4004-80F4-7AA4D7D9E2FE}.Release|Any CPU.Build.0 = Release|Any CPU
	EndGlobalSection
	GlobalSection(SolutionProperties) = preSolution
		HideSolutionNode = FALSE
	EndGlobalSection
	GlobalSection(ExtensibilityGlobals) = postSolution
		SolutionGuid = {AAE98E3E-2F50-40B1-921A-5D3DDBE7B72C}
	EndGlobalSection
EndGlobal
